// !$*UTF8*$!
{
	archiveVersion = 1;
	classes = {
	};
	objectVersion = 51;
	objects = {

/* Begin PBXBuildFile section */
		2A026E8827BE801B001FB674 /* LoginWebKitViewController.swift in Sources */ = {isa = PBXBuildFile; fileRef = 2A026E8727BE801B001FB674 /* LoginWebKitViewController.swift */; };
		2A026E8B27BE80FC001FB674 /* NetworkService.swift in Sources */ = {isa = PBXBuildFile; fileRef = 2A026E8A27BE80FC001FB674 /* NetworkService.swift */; };
		2A026E8F27C17A33001FB674 /* DataFriends.swift in Sources */ = {isa = PBXBuildFile; fileRef = 2A026E8E27C17A33001FB674 /* DataFriends.swift */; };
		2A026E9827C296F9001FB674 /* DataGroups.swift in Sources */ = {isa = PBXBuildFile; fileRef = 2A026E9727C296F9001FB674 /* DataGroups.swift */; };
		2A026E9B27C2972C001FB674 /* DataPhotoFriends.swift in Sources */ = {isa = PBXBuildFile; fileRef = 2A026E9A27C2972C001FB674 /* DataPhotoFriends.swift */; };
		2A431EA02783A357004688BC /* AppDelegate.swift in Sources */ = {isa = PBXBuildFile; fileRef = 2A431E9F2783A357004688BC /* AppDelegate.swift */; };
		2A431EA22783A357004688BC /* SceneDelegate.swift in Sources */ = {isa = PBXBuildFile; fileRef = 2A431EA12783A357004688BC /* SceneDelegate.swift */; };
		2A431EA42783A357004688BC /* LoginViewController.swift in Sources */ = {isa = PBXBuildFile; fileRef = 2A431EA32783A357004688BC /* LoginViewController.swift */; };
		2A431EA72783A357004688BC /* Main.storyboard in Resources */ = {isa = PBXBuildFile; fileRef = 2A431EA52783A357004688BC /* Main.storyboard */; };
		2A431EA92783A376004688BC /* Assets.xcassets in Resources */ = {isa = PBXBuildFile; fileRef = 2A431EA82783A376004688BC /* Assets.xcassets */; };
		2A431EAC2783A376004688BC /* LaunchScreen.storyboard in Resources */ = {isa = PBXBuildFile; fileRef = 2A431EAA2783A376004688BC /* LaunchScreen.storyboard */; };
		2A431EC1278754F7004688BC /* FriendsTableViewController.swift in Sources */ = {isa = PBXBuildFile; fileRef = 2A431EC0278754F7004688BC /* FriendsTableViewController.swift */; };
		2A431EC4278755C5004688BC /* UserGroupTableViewController.swift in Sources */ = {isa = PBXBuildFile; fileRef = 2A431EC3278755C5004688BC /* UserGroupTableViewController.swift */; };
		2A4FB48727BAC0E400C35070 /* Singleton.swift in Sources */ = {isa = PBXBuildFile; fileRef = 2A4FB48627BAC0E400C35070 /* Singleton.swift */; };
		2A67C67F27A71D380069D821 /* NewsCollectionViewCell.swift in Sources */ = {isa = PBXBuildFile; fileRef = 2A67C67D27A71D380069D821 /* NewsCollectionViewCell.swift */; };
		2A67C68027A71D380069D821 /* NewsCollectionViewCell.xib in Resources */ = {isa = PBXBuildFile; fileRef = 2A67C67E27A71D380069D821 /* NewsCollectionViewCell.xib */; };
		2A67C68727A729040069D821 /* News.swift in Sources */ = {isa = PBXBuildFile; fileRef = 2A67C68627A729040069D821 /* News.swift */; };
		2A67C68C27A81C000069D821 /* NewsViewController.swift in Sources */ = {isa = PBXBuildFile; fileRef = 2A67C68B27A81C000069D821 /* NewsViewController.swift */; };
		2A67C69727ADD03C0069D821 /* GalleryPhotoCustomView.swift in Sources */ = {isa = PBXBuildFile; fileRef = 2A67C69627ADD03B0069D821 /* GalleryPhotoCustomView.swift */; };
		2A67C69C27ADD0AA0069D821 /* GalleryPhotoCustomView.xib in Resources */ = {isa = PBXBuildFile; fileRef = 2A67C69B27ADD0AA0069D821 /* GalleryPhotoCustomView.xib */; };
		2A67C69F27ADD4BA0069D821 /* GalleryPhotoViewController.swift in Sources */ = {isa = PBXBuildFile; fileRef = 2A67C69E27ADD4BA0069D821 /* GalleryPhotoViewController.swift */; };
		2A6CFCB3279621C3006CD528 /* Friend.swift in Sources */ = {isa = PBXBuildFile; fileRef = 2A6CFCB2279621C3006CD528 /* Friend.swift */; };
		2A6CFCB6279621DF006CD528 /* Groups.swift in Sources */ = {isa = PBXBuildFile; fileRef = 2A6CFCB5279621DF006CD528 /* Groups.swift */; };
		2A6CFCBA2796279C006CD528 /* UniversalCell.swift in Sources */ = {isa = PBXBuildFile; fileRef = 2A6CFCB82796279C006CD528 /* UniversalCell.swift */; };
		2A6CFCBB2796279C006CD528 /* UniversalCell.xib in Resources */ = {isa = PBXBuildFile; fileRef = 2A6CFCB92796279C006CD528 /* UniversalCell.xib */; };
		2A6CFCC127962F71006CD528 /* FriendsFotoCollectionViewController.swift in Sources */ = {isa = PBXBuildFile; fileRef = 2A6CFCC027962F71006CD528 /* FriendsFotoCollectionViewController.swift */; };
		2A6CFCC627963DA6006CD528 /* FotoCollectionViewCell.swift in Sources */ = {isa = PBXBuildFile; fileRef = 2A6CFCC427963DA6006CD528 /* FotoCollectionViewCell.swift */; };
		2A6CFCC727963DA6006CD528 /* FotoCollectionViewCell.xib in Resources */ = {isa = PBXBuildFile; fileRef = 2A6CFCC527963DA6006CD528 /* FotoCollectionViewCell.xib */; };
		2A6CFCCB27964336006CD528 /* GlobalGroupTableViewController.swift in Sources */ = {isa = PBXBuildFile; fileRef = 2A6CFCCA27964336006CD528 /* GlobalGroupTableViewController.swift */; };
		2ACBFE3D27B072B1008D068B /* DataSettings.swift in Sources */ = {isa = PBXBuildFile; fileRef = 2ACBFE3C27B072B1008D068B /* DataSettings.swift */; };
		2AE6827427C3C4C100692AF4 /* Photos.swift in Sources */ = {isa = PBXBuildFile; fileRef = 2AE6827327C3C4C100692AF4 /* Photos.swift */; };
		6376A59432C4798CFE2BBC23 /* Pods_VK_Project.framework in Frameworks */ = {isa = PBXBuildFile; fileRef = C596BDA5E6B1FEB53BB8A751 /* Pods_VK_Project.framework */; };
/* End PBXBuildFile section */

/* Begin PBXFileReference section */
		2A026E8727BE801B001FB674 /* LoginWebKitViewController.swift */ = {isa = PBXFileReference; lastKnownFileType = sourcecode.swift; path = LoginWebKitViewController.swift; sourceTree = "<group>"; };
		2A026E8A27BE80FC001FB674 /* NetworkService.swift */ = {isa = PBXFileReference; lastKnownFileType = sourcecode.swift; path = NetworkService.swift; sourceTree = "<group>"; };
		2A026E8E27C17A33001FB674 /* DataFriends.swift */ = {isa = PBXFileReference; lastKnownFileType = sourcecode.swift; path = DataFriends.swift; sourceTree = "<group>"; };
		2A026E9727C296F9001FB674 /* DataGroups.swift */ = {isa = PBXFileReference; lastKnownFileType = sourcecode.swift; path = DataGroups.swift; sourceTree = "<group>"; };
		2A026E9A27C2972C001FB674 /* DataPhotoFriends.swift */ = {isa = PBXFileReference; lastKnownFileType = sourcecode.swift; path = DataPhotoFriends.swift; sourceTree = "<group>"; };
		2A431E9C2783A356004688BC /* VK Project.app */ = {isa = PBXFileReference; explicitFileType = wrapper.application; includeInIndex = 0; path = "VK Project.app"; sourceTree = BUILT_PRODUCTS_DIR; };
		2A431E9F2783A357004688BC /* AppDelegate.swift */ = {isa = PBXFileReference; lastKnownFileType = sourcecode.swift; path = AppDelegate.swift; sourceTree = "<group>"; };
		2A431EA12783A357004688BC /* SceneDelegate.swift */ = {isa = PBXFileReference; lastKnownFileType = sourcecode.swift; path = SceneDelegate.swift; sourceTree = "<group>"; };
		2A431EA32783A357004688BC /* LoginViewController.swift */ = {isa = PBXFileReference; lastKnownFileType = sourcecode.swift; path = LoginViewController.swift; sourceTree = "<group>"; };
		2A431EA62783A357004688BC /* Base */ = {isa = PBXFileReference; lastKnownFileType = file.storyboard; name = Base; path = Base.lproj/Main.storyboard; sourceTree = "<group>"; };
		2A431EA82783A376004688BC /* Assets.xcassets */ = {isa = PBXFileReference; lastKnownFileType = folder.assetcatalog; path = Assets.xcassets; sourceTree = "<group>"; };
		2A431EAB2783A376004688BC /* Base */ = {isa = PBXFileReference; lastKnownFileType = file.storyboard; name = Base; path = Base.lproj/LaunchScreen.storyboard; sourceTree = "<group>"; };
		2A431EAD2783A377004688BC /* Info.plist */ = {isa = PBXFileReference; lastKnownFileType = text.plist.xml; path = Info.plist; sourceTree = "<group>"; };
		2A431EC0278754F7004688BC /* FriendsTableViewController.swift */ = {isa = PBXFileReference; lastKnownFileType = sourcecode.swift; path = FriendsTableViewController.swift; sourceTree = "<group>"; };
		2A431EC3278755C5004688BC /* UserGroupTableViewController.swift */ = {isa = PBXFileReference; lastKnownFileType = sourcecode.swift; path = UserGroupTableViewController.swift; sourceTree = "<group>"; };
		2A4FB48627BAC0E400C35070 /* Singleton.swift */ = {isa = PBXFileReference; lastKnownFileType = sourcecode.swift; path = Singleton.swift; sourceTree = "<group>"; };
		2A67C67D27A71D380069D821 /* NewsCollectionViewCell.swift */ = {isa = PBXFileReference; lastKnownFileType = sourcecode.swift; name = NewsCollectionViewCell.swift; path = "VK Project/Cell/NewsCollectionViewCell.swift"; sourceTree = SOURCE_ROOT; };
		2A67C67E27A71D380069D821 /* NewsCollectionViewCell.xib */ = {isa = PBXFileReference; lastKnownFileType = file.xib; name = NewsCollectionViewCell.xib; path = "VK Project/Cell/NewsCollectionViewCell.xib"; sourceTree = SOURCE_ROOT; };
		2A67C68627A729040069D821 /* News.swift */ = {isa = PBXFileReference; lastKnownFileType = sourcecode.swift; path = News.swift; sourceTree = "<group>"; };
		2A67C68B27A81C000069D821 /* NewsViewController.swift */ = {isa = PBXFileReference; lastKnownFileType = sourcecode.swift; path = NewsViewController.swift; sourceTree = "<group>"; };
		2A67C69627ADD03B0069D821 /* GalleryPhotoCustomView.swift */ = {isa = PBXFileReference; lastKnownFileType = sourcecode.swift; path = GalleryPhotoCustomView.swift; sourceTree = "<group>"; };
		2A67C69B27ADD0AA0069D821 /* GalleryPhotoCustomView.xib */ = {isa = PBXFileReference; lastKnownFileType = file.xib; path = GalleryPhotoCustomView.xib; sourceTree = "<group>"; };
		2A67C69E27ADD4BA0069D821 /* GalleryPhotoViewController.swift */ = {isa = PBXFileReference; lastKnownFileType = sourcecode.swift; path = GalleryPhotoViewController.swift; sourceTree = "<group>"; };
		2A6CFCB2279621C3006CD528 /* Friend.swift */ = {isa = PBXFileReference; lastKnownFileType = sourcecode.swift; path = Friend.swift; sourceTree = "<group>"; };
		2A6CFCB5279621DF006CD528 /* Groups.swift */ = {isa = PBXFileReference; lastKnownFileType = sourcecode.swift; path = Groups.swift; sourceTree = "<group>"; };
		2A6CFCB82796279C006CD528 /* UniversalCell.swift */ = {isa = PBXFileReference; lastKnownFileType = sourcecode.swift; path = UniversalCell.swift; sourceTree = "<group>"; };
		2A6CFCB92796279C006CD528 /* UniversalCell.xib */ = {isa = PBXFileReference; lastKnownFileType = file.xib; path = UniversalCell.xib; sourceTree = "<group>"; };
		2A6CFCC027962F71006CD528 /* FriendsFotoCollectionViewController.swift */ = {isa = PBXFileReference; lastKnownFileType = sourcecode.swift; path = FriendsFotoCollectionViewController.swift; sourceTree = "<group>"; };
		2A6CFCC427963DA6006CD528 /* FotoCollectionViewCell.swift */ = {isa = PBXFileReference; lastKnownFileType = sourcecode.swift; name = FotoCollectionViewCell.swift; path = "VK Project/Cell/FotoCollectionViewCell.swift"; sourceTree = SOURCE_ROOT; };
		2A6CFCC527963DA6006CD528 /* FotoCollectionViewCell.xib */ = {isa = PBXFileReference; lastKnownFileType = file.xib; name = FotoCollectionViewCell.xib; path = "VK Project/Cell/FotoCollectionViewCell.xib"; sourceTree = SOURCE_ROOT; };
		2A6CFCCA27964336006CD528 /* GlobalGroupTableViewController.swift */ = {isa = PBXFileReference; lastKnownFileType = sourcecode.swift; path = GlobalGroupTableViewController.swift; sourceTree = "<group>"; };
		2ACBFE3C27B072B1008D068B /* DataSettings.swift */ = {isa = PBXFileReference; lastKnownFileType = sourcecode.swift; path = DataSettings.swift; sourceTree = "<group>"; };
		2AE6827327C3C4C100692AF4 /* Photos.swift */ = {isa = PBXFileReference; lastKnownFileType = sourcecode.swift; path = Photos.swift; sourceTree = "<group>"; };
		9824B5BA533D5CC660E3A9F9 /* Pods-VK Project.debug.xcconfig */ = {isa = PBXFileReference; includeInIndex = 1; lastKnownFileType = text.xcconfig; name = "Pods-VK Project.debug.xcconfig"; path = "Target Support Files/Pods-VK Project/Pods-VK Project.debug.xcconfig"; sourceTree = "<group>"; };
		B641E07506A8E5D4BAA9CBD7 /* Pods-VK Project.release.xcconfig */ = {isa = PBXFileReference; includeInIndex = 1; lastKnownFileType = text.xcconfig; name = "Pods-VK Project.release.xcconfig"; path = "Target Support Files/Pods-VK Project/Pods-VK Project.release.xcconfig"; sourceTree = "<group>"; };
		C596BDA5E6B1FEB53BB8A751 /* Pods_VK_Project.framework */ = {isa = PBXFileReference; explicitFileType = wrapper.framework; includeInIndex = 0; path = Pods_VK_Project.framework; sourceTree = BUILT_PRODUCTS_DIR; };
/* End PBXFileReference section */

/* Begin PBXFrameworksBuildPhase section */
		2A431E992783A356004688BC /* Frameworks */ = {
			isa = PBXFrameworksBuildPhase;
			buildActionMask = 2147483647;
			files = (
				6376A59432C4798CFE2BBC23 /* Pods_VK_Project.framework in Frameworks */,
			);
			runOnlyForDeploymentPostprocessing = 0;
		};
/* End PBXFrameworksBuildPhase section */

/* Begin PBXGroup section */
		2A026E8D27C17977001FB674 /* NetworkDataStruct */ = {
			isa = PBXGroup;
			children = (
				2A026E8E27C17A33001FB674 /* DataFriends.swift */,
				2A026E9727C296F9001FB674 /* DataGroups.swift */,
				2A026E9A27C2972C001FB674 /* DataPhotoFriends.swift */,
			);
			path = NetworkDataStruct;
			sourceTree = "<group>";
		};
		2A431E932783A356004688BC = {
			isa = PBXGroup;
			children = (
				2A431E9E2783A356004688BC /* VK Project */,
				2A431E9D2783A356004688BC /* Products */,
				E4D8A7765B2A5C8B676DA0F8 /* Pods */,
				EB4D3C0431AF9AB5C32937EF /* Frameworks */,
			);
			sourceTree = "<group>";
		};
		2A431E9D2783A356004688BC /* Products */ = {
			isa = PBXGroup;
			children = (
				2A431E9C2783A356004688BC /* VK Project.app */,
			);
			name = Products;
			sourceTree = "<group>";
		};
		2A431E9E2783A356004688BC /* VK Project */ = {
			isa = PBXGroup;
			children = (
				2A6CFCAF279620B4006CD528 /* Model */,
				2A6CFCBD279627A1006CD528 /* Cell */,
				2A67C6A227B05C440069D821 /* View */,
				2A431EBC278753EE004688BC /* Controllers */,
				2ACBFE4327B07A7B008D068B /* SupportingFiles */,
			);
			path = "VK Project";
			sourceTree = "<group>";
		};
		2A431EBC278753EE004688BC /* Controllers */ = {
			isa = PBXGroup;
			children = (
				2A431EA32783A357004688BC /* LoginViewController.swift */,
				2A026E8727BE801B001FB674 /* LoginWebKitViewController.swift */,
				2A431EC0278754F7004688BC /* FriendsTableViewController.swift */,
				2A6CFCC027962F71006CD528 /* FriendsFotoCollectionViewController.swift */,
				2A431EC3278755C5004688BC /* UserGroupTableViewController.swift */,
				2A6CFCCA27964336006CD528 /* GlobalGroupTableViewController.swift */,
				2A67C68B27A81C000069D821 /* NewsViewController.swift */,
				2A67C69E27ADD4BA0069D821 /* GalleryPhotoViewController.swift */,
			);
			path = Controllers;
			sourceTree = "<group>";
		};
		2A67C69827ADD0490069D821 /* CustomView */ = {
			isa = PBXGroup;
			children = (
				2A67C69627ADD03B0069D821 /* GalleryPhotoCustomView.swift */,
				2A67C69B27ADD0AA0069D821 /* GalleryPhotoCustomView.xib */,
			);
			path = CustomView;
			sourceTree = "<group>";
		};
		2A67C6A227B05C440069D821 /* View */ = {
			isa = PBXGroup;
			children = (
				2A431E9F2783A357004688BC /* AppDelegate.swift */,
				2A431EA12783A357004688BC /* SceneDelegate.swift */,
				2A431EA52783A357004688BC /* Main.storyboard */,
				2A431EAA2783A376004688BC /* LaunchScreen.storyboard */,
				2A67C69827ADD0490069D821 /* CustomView */,
			);
			path = View;
			sourceTree = "<group>";
		};
		2A67C6A327B05DB80069D821 /* DataStruct */ = {
			isa = PBXGroup;
			children = (
				2A6CFCB2279621C3006CD528 /* Friend.swift */,
				2A6CFCB5279621DF006CD528 /* Groups.swift */,
				2A67C68627A729040069D821 /* News.swift */,
				2AE6827327C3C4C100692AF4 /* Photos.swift */,
			);
			path = DataStruct;
			sourceTree = "<group>";
		};
		2A6CFCAF279620B4006CD528 /* Model */ = {
			isa = PBXGroup;
			children = (
				2AD7E66F27C2D11F00EB47C7 /* Service */,
				2A026E8D27C17977001FB674 /* NetworkDataStruct */,
				2A67C6A327B05DB80069D821 /* DataStruct */,
			);
			path = Model;
			sourceTree = "<group>";
		};
		2A6CFCBD279627A1006CD528 /* Cell */ = {
			isa = PBXGroup;
			children = (
				2A6CFCB82796279C006CD528 /* UniversalCell.swift */,
				2A6CFCB92796279C006CD528 /* UniversalCell.xib */,
				2A6CFCC427963DA6006CD528 /* FotoCollectionViewCell.swift */,
				2A6CFCC527963DA6006CD528 /* FotoCollectionViewCell.xib */,
				2A67C67D27A71D380069D821 /* NewsCollectionViewCell.swift */,
				2A67C67E27A71D380069D821 /* NewsCollectionViewCell.xib */,
			);
			path = Cell;
			sourceTree = "<group>";
		};
		2ACBFE4327B07A7B008D068B /* SupportingFiles */ = {
			isa = PBXGroup;
			children = (
				2A431EA82783A376004688BC /* Assets.xcassets */,
				2A431EAD2783A377004688BC /* Info.plist */,
			);
			path = SupportingFiles;
			sourceTree = "<group>";
		};
		2AD7E66F27C2D11F00EB47C7 /* Service */ = {
			isa = PBXGroup;
			children = (
				2A026E8A27BE80FC001FB674 /* NetworkService.swift */,
				2ACBFE3C27B072B1008D068B /* DataSettings.swift */,
				2A4FB48627BAC0E400C35070 /* Singleton.swift */,
			);
			path = Service;
			sourceTree = "<group>";
		};
		E4D8A7765B2A5C8B676DA0F8 /* Pods */ = {
			isa = PBXGroup;
			children = (
				9824B5BA533D5CC660E3A9F9 /* Pods-VK Project.debug.xcconfig */,
				B641E07506A8E5D4BAA9CBD7 /* Pods-VK Project.release.xcconfig */,
			);
			path = Pods;
			sourceTree = "<group>";
		};
		EB4D3C0431AF9AB5C32937EF /* Frameworks */ = {
			isa = PBXGroup;
			children = (
				C596BDA5E6B1FEB53BB8A751 /* Pods_VK_Project.framework */,
			);
			name = Frameworks;
			sourceTree = "<group>";
		};
/* End PBXGroup section */

/* Begin PBXNativeTarget section */
		2A431E9B2783A356004688BC /* VK Project */ = {
			isa = PBXNativeTarget;
			buildConfigurationList = 2A431EB02783A377004688BC /* Build configuration list for PBXNativeTarget "VK Project" */;
			buildPhases = (
				9C935F7FBE9E71F38435DD1C /* [CP] Check Pods Manifest.lock */,
				2A431E982783A356004688BC /* Sources */,
				2A431E992783A356004688BC /* Frameworks */,
				2A431E9A2783A356004688BC /* Resources */,
				172F5A5C9DE7CC9A6E934649 /* [CP] Embed Pods Frameworks */,
			);
			buildRules = (
			);
			dependencies = (
			);
			name = "VK Project";
			productName = "VK Project";
			productReference = 2A431E9C2783A356004688BC /* VK Project.app */;
			productType = "com.apple.product-type.application";
		};
/* End PBXNativeTarget section */

/* Begin PBXProject section */
		2A431E942783A356004688BC /* Project object */ = {
			isa = PBXProject;
			attributes = {
				LastSwiftUpdateCheck = 1240;
				LastUpgradeCheck = 1240;
				TargetAttributes = {
					2A431E9B2783A356004688BC = {
						CreatedOnToolsVersion = 12.4;
					};
				};
			};
			buildConfigurationList = 2A431E972783A356004688BC /* Build configuration list for PBXProject "VK Project" */;
			compatibilityVersion = "Xcode 9.3";
			developmentRegion = en;
			hasScannedForEncodings = 0;
			knownRegions = (
				en,
				Base,
			);
			mainGroup = 2A431E932783A356004688BC;
			productRefGroup = 2A431E9D2783A356004688BC /* Products */;
			projectDirPath = "";
			projectRoot = "";
			targets = (
				2A431E9B2783A356004688BC /* VK Project */,
			);
		};
/* End PBXProject section */

/* Begin PBXResourcesBuildPhase section */
		2A431E9A2783A356004688BC /* Resources */ = {
			isa = PBXResourcesBuildPhase;
			buildActionMask = 2147483647;
			files = (
				2A431EAC2783A376004688BC /* LaunchScreen.storyboard in Resources */,
				2A431EA92783A376004688BC /* Assets.xcassets in Resources */,
				2A431EA72783A357004688BC /* Main.storyboard in Resources */,
				2A6CFCC727963DA6006CD528 /* FotoCollectionViewCell.xib in Resources */,
				2A6CFCBB2796279C006CD528 /* UniversalCell.xib in Resources */,
				2A67C69C27ADD0AA0069D821 /* GalleryPhotoCustomView.xib in Resources */,
				2A67C68027A71D380069D821 /* NewsCollectionViewCell.xib in Resources */,
			);
			runOnlyForDeploymentPostprocessing = 0;
		};
/* End PBXResourcesBuildPhase section */

/* Begin PBXShellScriptBuildPhase section */
		172F5A5C9DE7CC9A6E934649 /* [CP] Embed Pods Frameworks */ = {
			isa = PBXShellScriptBuildPhase;
			buildActionMask = 2147483647;
			files = (
			);
			inputFileListPaths = (
				"${PODS_ROOT}/Target Support Files/Pods-VK Project/Pods-VK Project-frameworks-${CONFIGURATION}-input-files.xcfilelist",
			);
			name = "[CP] Embed Pods Frameworks";
			outputFileListPaths = (
				"${PODS_ROOT}/Target Support Files/Pods-VK Project/Pods-VK Project-frameworks-${CONFIGURATION}-output-files.xcfilelist",
			);
			runOnlyForDeploymentPostprocessing = 0;
			shellPath = /bin/sh;
			shellScript = "\"${PODS_ROOT}/Target Support Files/Pods-VK Project/Pods-VK Project-frameworks.sh\"\n";
			showEnvVarsInLog = 0;
		};
		9C935F7FBE9E71F38435DD1C /* [CP] Check Pods Manifest.lock */ = {
			isa = PBXShellScriptBuildPhase;
			buildActionMask = 2147483647;
			files = (
			);
			inputFileListPaths = (
			);
			inputPaths = (
				"${PODS_PODFILE_DIR_PATH}/Podfile.lock",
				"${PODS_ROOT}/Manifest.lock",
			);
			name = "[CP] Check Pods Manifest.lock";
			outputFileListPaths = (
			);
			outputPaths = (
				"$(DERIVED_FILE_DIR)/Pods-VK Project-checkManifestLockResult.txt",
			);
			runOnlyForDeploymentPostprocessing = 0;
			shellPath = /bin/sh;
			shellScript = "diff \"${PODS_PODFILE_DIR_PATH}/Podfile.lock\" \"${PODS_ROOT}/Manifest.lock\" > /dev/null\nif [ $? != 0 ] ; then\n    # print error to STDERR\n    echo \"error: The sandbox is not in sync with the Podfile.lock. Run 'pod install' or update your CocoaPods installation.\" >&2\n    exit 1\nfi\n# This output is used by Xcode 'outputs' to avoid re-running this script phase.\necho \"SUCCESS\" > \"${SCRIPT_OUTPUT_FILE_0}\"\n";
			showEnvVarsInLog = 0;
		};
/* End PBXShellScriptBuildPhase section */

/* Begin PBXSourcesBuildPhase section */
		2A431E982783A356004688BC /* Sources */ = {
			isa = PBXSourcesBuildPhase;
			buildActionMask = 2147483647;
			files = (
				2ACBFE3D27B072B1008D068B /* DataSettings.swift in Sources */,
				2A4FB48727BAC0E400C35070 /* Singleton.swift in Sources */,
				2A67C69F27ADD4BA0069D821 /* GalleryPhotoViewController.swift in Sources */,
				2A6CFCBA2796279C006CD528 /* UniversalCell.swift in Sources */,
				2A026E8827BE801B001FB674 /* LoginWebKitViewController.swift in Sources */,
				2A6CFCC627963DA6006CD528 /* FotoCollectionViewCell.swift in Sources */,
				2A431EA42783A357004688BC /* LoginViewController.swift in Sources */,
				2A67C68727A729040069D821 /* News.swift in Sources */,
				2A67C67F27A71D380069D821 /* NewsCollectionViewCell.swift in Sources */,
				2A6CFCCB27964336006CD528 /* GlobalGroupTableViewController.swift in Sources */,
				2A026E8B27BE80FC001FB674 /* NetworkService.swift in Sources */,
				2A026E9827C296F9001FB674 /* DataGroups.swift in Sources */,
				2AE6827427C3C4C100692AF4 /* Photos.swift in Sources */,
				2A67C69727ADD03C0069D821 /* GalleryPhotoCustomView.swift in Sources */,
				2A431EC1278754F7004688BC /* FriendsTableViewController.swift in Sources */,
				2A6CFCC127962F71006CD528 /* FriendsFotoCollectionViewController.swift in Sources */,
				2A6CFCB6279621DF006CD528 /* Groups.swift in Sources */,
				2A026E8F27C17A33001FB674 /* DataFriends.swift in Sources */,
				2A026E9B27C2972C001FB674 /* DataPhotoFriends.swift in Sources */,
				2A431EA02783A357004688BC /* AppDelegate.swift in Sources */,
				2A431EA22783A357004688BC /* SceneDelegate.swift in Sources */,
				2A431EC4278755C5004688BC /* UserGroupTableViewController.swift in Sources */,
				2A6CFCB3279621C3006CD528 /* Friend.swift in Sources */,
				2A67C68C27A81C000069D821 /* NewsViewController.swift in Sources */,
			);
			runOnlyForDeploymentPostprocessing = 0;
		};
/* End PBXSourcesBuildPhase section */

/* Begin PBXVariantGroup section */
		2A431EA52783A357004688BC /* Main.storyboard */ = {
			isa = PBXVariantGroup;
			children = (
				2A431EA62783A357004688BC /* Base */,
			);
			name = Main.storyboard;
			sourceTree = "<group>";
		};
		2A431EAA2783A376004688BC /* LaunchScreen.storyboard */ = {
			isa = PBXVariantGroup;
			children = (
				2A431EAB2783A376004688BC /* Base */,
			);
			name = LaunchScreen.storyboard;
			sourceTree = "<group>";
		};
/* End PBXVariantGroup section */

/* Begin XCBuildConfiguration section */
		2A431EAE2783A377004688BC /* Debug */ = {
			isa = XCBuildConfiguration;
			buildSettings = {
				ALWAYS_SEARCH_USER_PATHS = NO;
				CLANG_ANALYZER_NONNULL = YES;
				CLANG_ANALYZER_NUMBER_OBJECT_CONVERSION = YES_AGGRESSIVE;
				CLANG_CXX_LANGUAGE_STANDARD = "gnu++14";
				CLANG_CXX_LIBRARY = "libc++";
				CLANG_ENABLE_MODULES = YES;
				CLANG_ENABLE_OBJC_ARC = YES;
				CLANG_ENABLE_OBJC_WEAK = YES;
				CLANG_WARN_BLOCK_CAPTURE_AUTORELEASING = YES;
				CLANG_WARN_BOOL_CONVERSION = YES;
				CLANG_WARN_COMMA = YES;
				CLANG_WARN_CONSTANT_CONVERSION = YES;
				CLANG_WARN_DEPRECATED_OBJC_IMPLEMENTATIONS = YES;
				CLANG_WARN_DIRECT_OBJC_ISA_USAGE = YES_ERROR;
				CLANG_WARN_DOCUMENTATION_COMMENTS = YES;
				CLANG_WARN_EMPTY_BODY = YES;
				CLANG_WARN_ENUM_CONVERSION = YES;
				CLANG_WARN_INFINITE_RECURSION = YES;
				CLANG_WARN_INT_CONVERSION = YES;
				CLANG_WARN_NON_LITERAL_NULL_CONVERSION = YES;
				CLANG_WARN_OBJC_IMPLICIT_RETAIN_SELF = YES;
				CLANG_WARN_OBJC_LITERAL_CONVERSION = YES;
				CLANG_WARN_OBJC_ROOT_CLASS = YES_ERROR;
				CLANG_WARN_QUOTED_INCLUDE_IN_FRAMEWORK_HEADER = YES;
				CLANG_WARN_RANGE_LOOP_ANALYSIS = YES;
				CLANG_WARN_STRICT_PROTOTYPES = YES;
				CLANG_WARN_SUSPICIOUS_MOVE = YES;
				CLANG_WARN_UNGUARDED_AVAILABILITY = YES_AGGRESSIVE;
				CLANG_WARN_UNREACHABLE_CODE = YES;
				CLANG_WARN__DUPLICATE_METHOD_MATCH = YES;
				COPY_PHASE_STRIP = NO;
				DEBUG_INFORMATION_FORMAT = dwarf;
				ENABLE_STRICT_OBJC_MSGSEND = YES;
				ENABLE_TESTABILITY = YES;
				GCC_C_LANGUAGE_STANDARD = gnu11;
				GCC_DYNAMIC_NO_PIC = NO;
				GCC_NO_COMMON_BLOCKS = YES;
				GCC_OPTIMIZATION_LEVEL = 0;
				GCC_PREPROCESSOR_DEFINITIONS = (
					"DEBUG=1",
					"$(inherited)",
				);
				GCC_WARN_64_TO_32_BIT_CONVERSION = YES;
				GCC_WARN_ABOUT_RETURN_TYPE = YES_ERROR;
				GCC_WARN_UNDECLARED_SELECTOR = YES;
				GCC_WARN_UNINITIALIZED_AUTOS = YES_AGGRESSIVE;
				GCC_WARN_UNUSED_FUNCTION = YES;
				GCC_WARN_UNUSED_VARIABLE = YES;
				IPHONEOS_DEPLOYMENT_TARGET = 14.4;
				MTL_ENABLE_DEBUG_INFO = INCLUDE_SOURCE;
				MTL_FAST_MATH = YES;
				ONLY_ACTIVE_ARCH = YES;
				SDKROOT = iphoneos;
				SWIFT_ACTIVE_COMPILATION_CONDITIONS = DEBUG;
				SWIFT_OPTIMIZATION_LEVEL = "-Onone";
			};
			name = Debug;
		};
		2A431EAF2783A377004688BC /* Release */ = {
			isa = XCBuildConfiguration;
			buildSettings = {
				ALWAYS_SEARCH_USER_PATHS = NO;
				CLANG_ANALYZER_NONNULL = YES;
				CLANG_ANALYZER_NUMBER_OBJECT_CONVERSION = YES_AGGRESSIVE;
				CLANG_CXX_LANGUAGE_STANDARD = "gnu++14";
				CLANG_CXX_LIBRARY = "libc++";
				CLANG_ENABLE_MODULES = YES;
				CLANG_ENABLE_OBJC_ARC = YES;
				CLANG_ENABLE_OBJC_WEAK = YES;
				CLANG_WARN_BLOCK_CAPTURE_AUTORELEASING = YES;
				CLANG_WARN_BOOL_CONVERSION = YES;
				CLANG_WARN_COMMA = YES;
				CLANG_WARN_CONSTANT_CONVERSION = YES;
				CLANG_WARN_DEPRECATED_OBJC_IMPLEMENTATIONS = YES;
				CLANG_WARN_DIRECT_OBJC_ISA_USAGE = YES_ERROR;
				CLANG_WARN_DOCUMENTATION_COMMENTS = YES;
				CLANG_WARN_EMPTY_BODY = YES;
				CLANG_WARN_ENUM_CONVERSION = YES;
				CLANG_WARN_INFINITE_RECURSION = YES;
				CLANG_WARN_INT_CONVERSION = YES;
				CLANG_WARN_NON_LITERAL_NULL_CONVERSION = YES;
				CLANG_WARN_OBJC_IMPLICIT_RETAIN_SELF = YES;
				CLANG_WARN_OBJC_LITERAL_CONVERSION = YES;
				CLANG_WARN_OBJC_ROOT_CLASS = YES_ERROR;
				CLANG_WARN_QUOTED_INCLUDE_IN_FRAMEWORK_HEADER = YES;
				CLANG_WARN_RANGE_LOOP_ANALYSIS = YES;
				CLANG_WARN_STRICT_PROTOTYPES = YES;
				CLANG_WARN_SUSPICIOUS_MOVE = YES;
				CLANG_WARN_UNGUARDED_AVAILABILITY = YES_AGGRESSIVE;
				CLANG_WARN_UNREACHABLE_CODE = YES;
				CLANG_WARN__DUPLICATE_METHOD_MATCH = YES;
				COPY_PHASE_STRIP = NO;
				DEBUG_INFORMATION_FORMAT = "dwarf-with-dsym";
				ENABLE_NS_ASSERTIONS = NO;
				ENABLE_STRICT_OBJC_MSGSEND = YES;
				GCC_C_LANGUAGE_STANDARD = gnu11;
				GCC_NO_COMMON_BLOCKS = YES;
				GCC_WARN_64_TO_32_BIT_CONVERSION = YES;
				GCC_WARN_ABOUT_RETURN_TYPE = YES_ERROR;
				GCC_WARN_UNDECLARED_SELECTOR = YES;
				GCC_WARN_UNINITIALIZED_AUTOS = YES_AGGRESSIVE;
				GCC_WARN_UNUSED_FUNCTION = YES;
				GCC_WARN_UNUSED_VARIABLE = YES;
				IPHONEOS_DEPLOYMENT_TARGET = 14.4;
				MTL_ENABLE_DEBUG_INFO = NO;
				MTL_FAST_MATH = YES;
				SDKROOT = iphoneos;
				SWIFT_COMPILATION_MODE = wholemodule;
				SWIFT_OPTIMIZATION_LEVEL = "-O";
				VALIDATE_PRODUCT = YES;
			};
			name = Release;
		};
		2A431EB12783A377004688BC /* Debug */ = {
			isa = XCBuildConfiguration;
			baseConfigurationReference = 9824B5BA533D5CC660E3A9F9 /* Pods-VK Project.debug.xcconfig */;
			buildSettings = {
				ASSETCATALOG_COMPILER_APPICON_NAME = AppIcon;
				ASSETCATALOG_COMPILER_GLOBAL_ACCENT_COLOR_NAME = AccentColor;
				CODE_SIGN_STYLE = Automatic;
				DEVELOPMENT_TEAM = 7XJC493SX7;
				INFOPLIST_FILE = "VK Project/SupportingFiles/Info.plist";
				LD_RUNPATH_SEARCH_PATHS = (
					"$(inherited)",
					"@executable_path/Frameworks",
				);
				PRODUCT_BUNDLE_IDENTIFIER = "AntonyTitov.com.by.VK-Project";
				PRODUCT_NAME = "$(TARGET_NAME)";
				SWIFT_VERSION = 5.0;
				TARGETED_DEVICE_FAMILY = "1,2";
			};
			name = Debug;
		};
		2A431EB22783A377004688BC /* Release */ = {
			isa = XCBuildConfiguration;
			baseConfigurationReference = B641E07506A8E5D4BAA9CBD7 /* Pods-VK Project.release.xcconfig */;
			buildSettings = {
				ASSETCATALOG_COMPILER_APPICON_NAME = AppIcon;
				ASSETCATALOG_COMPILER_GLOBAL_ACCENT_COLOR_NAME = AccentColor;
				CODE_SIGN_STYLE = Automatic;
				DEVELOPMENT_TEAM = 7XJC493SX7;
				INFOPLIST_FILE = "VK Project/SupportingFiles/Info.plist";
				LD_RUNPATH_SEARCH_PATHS = (
					"$(inherited)",
					"@executable_path/Frameworks",
				);
				PRODUCT_BUNDLE_IDENTIFIER = "AntonyTitov.com.by.VK-Project";
				PRODUCT_NAME = "$(TARGET_NAME)";
				SWIFT_VERSION = 5.0;
				TARGETED_DEVICE_FAMILY = "1,2";
			};
			name = Release;
		};
/* End XCBuildConfiguration section */

/* Begin XCConfigurationList section */
		2A431E972783A356004688BC /* Build configuration list for PBXProject "VK Project" */ = {
			isa = XCConfigurationList;
			buildConfigurations = (
				2A431EAE2783A377004688BC /* Debug */,
				2A431EAF2783A377004688BC /* Release */,
			);
			defaultConfigurationIsVisible = 0;
			defaultConfigurationName = Release;
		};
		2A431EB02783A377004688BC /* Build configuration list for PBXNativeTarget "VK Project" */ = {
			isa = XCConfigurationList;
			buildConfigurations = (
				2A431EB12783A377004688BC /* Debug */,
				2A431EB22783A377004688BC /* Release */,
			);
			defaultConfigurationIsVisible = 0;
			defaultConfigurationName = Release;
		};
/* End XCConfigurationList section */
	};
	rootObject = 2A431E942783A356004688BC /* Project object */;
}
